version: 6
environments:
  default:
    channels:
    - url: https://conda.anaconda.org/conda-forge/
    - url: https://conda.anaconda.org/bioconda/
    packages:
      linux-64:
      - conda: https://conda.anaconda.org/conda-forge/linux-64/_libgcc_mutex-0.1-conda_forge.tar.bz2
      - conda: https://conda.anaconda.org/conda-forge/linux-64/_openmp_mutex-4.5-2_gnu.tar.bz2
      - conda: https://conda.anaconda.org/conda-forge/linux-64/binutils-2.45-h4852527_0.conda
      - conda: https://conda.anaconda.org/conda-forge/linux-64/binutils_impl_linux-64-2.45-h9d8b0ac_0.conda
      - conda: https://conda.anaconda.org/conda-forge/linux-64/binutils_linux-64-2.45-h4852527_0.conda
      - conda: https://conda.anaconda.org/conda-forge/linux-64/c-compiler-1.11.0-h4d9bdce_0.conda
      - conda: https://conda.anaconda.org/conda-forge/noarch/ca-certificates-2025.11.12-hbd8a1cb_0.conda
      - conda: https://conda.anaconda.org/conda-forge/linux-64/compilers-1.11.0-ha770c72_0.conda
      - conda: https://conda.anaconda.org/conda-forge/linux-64/conda-gcc-specs-14.3.0-hb991d5c_7.conda
      - conda: https://conda.anaconda.org/conda-forge/linux-64/cxx-compiler-1.11.0-hfcd1e18_0.conda
      - conda: https://conda.anaconda.org/conda-forge/linux-64/fortran-compiler-1.11.0-h9bea470_0.conda
      - conda: https://conda.anaconda.org/conda-forge/linux-64/gcc-14.3.0-h76bdaa0_7.conda
      - conda: https://conda.anaconda.org/conda-forge/linux-64/gcc_impl_linux-64-14.3.0-hd9e9e21_7.conda
      - conda: https://conda.anaconda.org/conda-forge/linux-64/gcc_linux-64-14.3.0-h298d278_13.conda
      - conda: https://conda.anaconda.org/conda-forge/linux-64/gdbm-1.18-h0a1914f_2.tar.bz2
      - conda: https://conda.anaconda.org/conda-forge/linux-64/gfortran-14.3.0-he448592_7.conda
      - conda: https://conda.anaconda.org/conda-forge/linux-64/gfortran_impl_linux-64-14.3.0-h7db7018_7.conda
      - conda: https://conda.anaconda.org/conda-forge/linux-64/gfortran_linux-64-14.3.0-h523a340_13.conda
      - conda: https://conda.anaconda.org/conda-forge/linux-64/gmp-6.3.0-hac33072_2.conda
      - conda: https://conda.anaconda.org/conda-forge/linux-64/gxx-14.3.0-he448592_7.conda
      - conda: https://conda.anaconda.org/conda-forge/linux-64/gxx_impl_linux-64-14.3.0-he663afc_7.conda
      - conda: https://conda.anaconda.org/conda-forge/linux-64/gxx_linux-64-14.3.0-hed40740_13.conda
      - conda: https://conda.anaconda.org/conda-forge/noarch/kernel-headers_linux-64-4.18.0-he073ed8_8.conda
      - conda: https://conda.anaconda.org/conda-forge/linux-64/ld_impl_linux-64-2.45-h1aa0949_0.conda
      - conda: https://conda.anaconda.org/conda-forge/linux-64/libffi-3.5.2-h9ec8514_0.conda
      - conda: https://conda.anaconda.org/conda-forge/linux-64/libgcc-15.2.0-h767d61c_7.conda
      - conda: https://conda.anaconda.org/conda-forge/noarch/libgcc-devel_linux-64-14.3.0-h85bb3a7_107.conda
      - conda: https://conda.anaconda.org/conda-forge/linux-64/libgcc-ng-15.2.0-h69a702a_7.conda
      - conda: https://conda.anaconda.org/conda-forge/linux-64/libgfortran5-15.2.0-hcd61629_7.conda
      - conda: https://conda.anaconda.org/conda-forge/linux-64/libgomp-15.2.0-h767d61c_7.conda
      - conda: https://conda.anaconda.org/conda-forge/linux-64/libsanitizer-14.3.0-hd08acf3_7.conda
      - conda: https://conda.anaconda.org/conda-forge/linux-64/libstdcxx-15.2.0-h8f9b012_7.conda
      - conda: https://conda.anaconda.org/conda-forge/noarch/libstdcxx-devel_linux-64-14.3.0-h85bb3a7_107.conda
      - conda: https://conda.anaconda.org/conda-forge/linux-64/libstdcxx-ng-15.2.0-h4852527_7.conda
      - conda: https://conda.anaconda.org/conda-forge/linux-64/libxcrypt-4.4.36-hd590300_1.conda
      - conda: https://conda.anaconda.org/conda-forge/linux-64/libzlib-1.3.1-hb9d3cd8_2.conda
      - conda: https://conda.anaconda.org/conda-forge/linux-64/ncurses-6.5-h2d0b736_3.conda
      - conda: https://conda.anaconda.org/conda-forge/linux-64/openssl-3.6.0-h26f9b46_0.conda
      - conda: https://conda.anaconda.org/conda-forge/linux-64/readline-8.2-h8c095d6_2.conda
      - conda: https://conda.anaconda.org/conda-forge/linux-64/ruby-3.4.7-h498564d_1.conda
      - conda: https://conda.anaconda.org/conda-forge/noarch/sysroot_linux-64-2.28-h4ee821c_8.conda
      - conda: https://conda.anaconda.org/conda-forge/noarch/tzdata-2025b-h78e105d_0.conda
      - conda: https://conda.anaconda.org/conda-forge/linux-64/yaml-0.2.5-h280c20c_3.conda
      - conda: https://conda.anaconda.org/conda-forge/linux-64/zstd-1.5.7-hb8e6e7a_2.conda
      osx-arm64:
      - conda: https://conda.anaconda.org/conda-forge/osx-arm64/c-compiler-1.11.0-h61f9b84_0.conda
      - conda: https://conda.anaconda.org/conda-forge/noarch/ca-certificates-2025.11.12-hbd8a1cb_0.conda
      - conda: https://conda.anaconda.org/conda-forge/osx-arm64/cctools-1024.3-hd01ab73_9.conda
      - conda: https://conda.anaconda.org/conda-forge/osx-arm64/cctools_osx-arm64-1024.3-llvm19_1_h8c76c84_9.conda
      - conda: https://conda.anaconda.org/conda-forge/osx-arm64/clang-19-19.1.7-default_h73dfc95_5.conda
      - conda: https://conda.anaconda.org/conda-forge/osx-arm64/clang-19.1.7-default_hf9bcbb7_5.conda
      - conda: https://conda.anaconda.org/conda-forge/osx-arm64/clang_impl_osx-arm64-19.1.7-h76e6a08_25.conda
      - conda: https://conda.anaconda.org/conda-forge/osx-arm64/clang_osx-arm64-19.1.7-h07b0088_25.conda
      - conda: https://conda.anaconda.org/conda-forge/osx-arm64/clangxx-19.1.7-default_h36137df_5.conda
      - conda: https://conda.anaconda.org/conda-forge/osx-arm64/clangxx_impl_osx-arm64-19.1.7-h276745f_25.conda
      - conda: https://conda.anaconda.org/conda-forge/osx-arm64/clangxx_osx-arm64-19.1.7-h07b0088_25.conda
      - conda: https://conda.anaconda.org/conda-forge/osx-arm64/compiler-rt-19.1.7-h855ad52_1.conda
      - conda: https://conda.anaconda.org/conda-forge/noarch/compiler-rt_osx-arm64-19.1.7-he32a8d3_1.conda
      - conda: https://conda.anaconda.org/conda-forge/osx-arm64/compilers-1.11.0-hce30654_0.conda
      - conda: https://conda.anaconda.org/conda-forge/osx-arm64/cxx-compiler-1.11.0-h88570a1_0.conda
      - conda: https://conda.anaconda.org/conda-forge/osx-arm64/fortran-compiler-1.11.0-h81a4f41_0.conda
      - conda: https://conda.anaconda.org/conda-forge/osx-arm64/gettext-0.25.1-h3dcc1bd_0.conda
      - conda: https://conda.anaconda.org/conda-forge/osx-arm64/gettext-tools-0.25.1-h493aca8_0.conda
      - conda: https://conda.anaconda.org/conda-forge/osx-arm64/gfortran-14.3.0-h3ef1dbf_0.conda
      - conda: https://conda.anaconda.org/conda-forge/osx-arm64/gfortran_impl_osx-arm64-14.3.0-h6d03799_1.conda
      - conda: https://conda.anaconda.org/conda-forge/osx-arm64/gfortran_osx-arm64-14.3.0-h3c33bd0_0.conda
      - conda: https://conda.anaconda.org/conda-forge/osx-arm64/gmp-6.3.0-h7bae524_2.conda
      - conda: https://conda.anaconda.org/conda-forge/osx-arm64/isl-0.26-imath32_h347afa1_101.conda
      - conda: https://conda.anaconda.org/conda-forge/osx-arm64/ld64-955.13-he86490a_9.conda
      - conda: https://conda.anaconda.org/conda-forge/osx-arm64/ld64_osx-arm64-955.13-llvm19_1_h6922315_9.conda
      - conda: https://conda.anaconda.org/conda-forge/osx-arm64/libasprintf-0.25.1-h493aca8_0.conda
      - conda: https://conda.anaconda.org/conda-forge/osx-arm64/libasprintf-devel-0.25.1-h493aca8_0.conda
      - conda: https://conda.anaconda.org/conda-forge/osx-arm64/libclang-cpp19.1-19.1.7-default_h73dfc95_5.conda
      - conda: https://conda.anaconda.org/conda-forge/osx-arm64/libcxx-21.1.5-hf598326_0.conda
      - conda: https://conda.anaconda.org/conda-forge/osx-arm64/libcxx-devel-19.1.7-h6dc3340_1.conda
      - conda: https://conda.anaconda.org/conda-forge/osx-arm64/libffi-3.5.2-he5f378a_0.conda
      - conda: https://conda.anaconda.org/conda-forge/osx-arm64/libgettextpo-0.25.1-h493aca8_0.conda
      - conda: https://conda.anaconda.org/conda-forge/osx-arm64/libgettextpo-devel-0.25.1-h493aca8_0.conda
      - conda: https://conda.anaconda.org/conda-forge/osx-arm64/libgfortran-15.2.0-hfcf01ff_1.conda
      - conda: https://conda.anaconda.org/conda-forge/noarch/libgfortran-devel_osx-arm64-14.3.0-hc965647_1.conda
      - conda: https://conda.anaconda.org/conda-forge/osx-arm64/libgfortran5-15.2.0-h742603c_1.conda
      - conda: https://conda.anaconda.org/conda-forge/osx-arm64/libiconv-1.18-h23cfdf5_2.conda
      - conda: https://conda.anaconda.org/conda-forge/osx-arm64/libintl-0.25.1-h493aca8_0.conda
      - conda: https://conda.anaconda.org/conda-forge/osx-arm64/libintl-devel-0.25.1-h493aca8_0.conda
      - conda: https://conda.anaconda.org/conda-forge/osx-arm64/libllvm19-19.1.7-h8e0c9ce_2.conda
      - conda: https://conda.anaconda.org/conda-forge/osx-arm64/liblzma-5.8.1-h39f12f2_2.conda
      - conda: https://conda.anaconda.org/conda-forge/osx-arm64/libxml2-16-2.15.1-h8eac4d7_0.conda
      - conda: https://conda.anaconda.org/conda-forge/osx-arm64/libxml2-2.15.1-hba2cd1d_0.conda
      - conda: https://conda.anaconda.org/conda-forge/osx-arm64/libzlib-1.3.1-h8359307_2.conda
      - conda: https://conda.anaconda.org/conda-forge/osx-arm64/llvm-openmp-21.1.5-h4a912ad_2.conda
      - conda: https://conda.anaconda.org/conda-forge/osx-arm64/llvm-tools-19-19.1.7-h91fd4e7_2.conda
      - conda: https://conda.anaconda.org/conda-forge/osx-arm64/llvm-tools-19.1.7-h855ad52_2.conda
      - conda: https://conda.anaconda.org/conda-forge/osx-arm64/mpc-1.3.1-h8f1351a_1.conda
      - conda: https://conda.anaconda.org/conda-forge/osx-arm64/mpfr-4.2.1-hb693164_3.conda
      - conda: https://conda.anaconda.org/conda-forge/osx-arm64/ncurses-6.5-h5e97a16_3.conda
      - conda: https://conda.anaconda.org/conda-forge/osx-arm64/openssl-3.6.0-h5503f6c_0.conda
      - conda: https://conda.anaconda.org/conda-forge/osx-arm64/readline-8.2-h1d1bf99_2.conda
      - conda: https://conda.anaconda.org/conda-forge/osx-arm64/ruby-3.4.7-hbf9a790_1.conda
      - conda: https://conda.anaconda.org/conda-forge/osx-arm64/sigtool-0.1.3-h44b9a77_0.tar.bz2
      - conda: https://conda.anaconda.org/conda-forge/osx-arm64/tapi-1300.6.5-h03f4b80_0.conda
      - conda: https://conda.anaconda.org/conda-forge/osx-arm64/yaml-0.2.5-h925e9cb_3.conda
      - conda: https://conda.anaconda.org/conda-forge/osx-arm64/zlib-1.3.1-h8359307_2.conda
      - conda: https://conda.anaconda.org/conda-forge/osx-arm64/zstd-1.5.7-h6491c7d_2.conda
packages:
- conda: https://conda.anaconda.org/conda-forge/linux-64/_libgcc_mutex-0.1-conda_forge.tar.bz2
  sha256: fe51de6107f9edc7aa4f786a70f4a883943bc9d39b3bb7307c04c41410990726
  md5: d7c89558ba9fa0495403155b64376d81
  license: None
  size: 2562
  timestamp: 1578324546067
- conda: https://conda.anaconda.org/conda-forge/linux-64/_openmp_mutex-4.5-2_gnu.tar.bz2
  build_number: 16
  sha256: fbe2c5e56a653bebb982eda4876a9178aedfc2b545f25d0ce9c4c0b508253d22
  md5: 73aaf86a425cc6e73fcf236a5a46396d
  depends:
  - _libgcc_mutex 0.1 conda_forge
  - libgomp >=7.5.0
  constrains:
  - openmp_impl 9999
  license: BSD-3-Clause
  license_family: BSD
  size: 23621
  timestamp: 1650670423406
- conda: https://conda.anaconda.org/conda-forge/linux-64/binutils-2.45-h4852527_0.conda
  sha256: 65585ee55d645c419d0d5acce0343ba13e2036b4d3d823bf23e1cd70d344a91d
  md5: 6e3c04f73d7bdc7e002de785a61cdc18
  depends:
  - binutils_impl_linux-64 >=2.45,<2.46.0a0
  license: GPL-3.0-only
  license_family: GPL
  size: 35135
  timestamp: 1763060477972
- conda: https://conda.anaconda.org/conda-forge/linux-64/binutils_impl_linux-64-2.45-h9d8b0ac_0.conda
  sha256: 1733bd616f0e7afdc926e4eb80b00483ebdc51bc6aadf7c4b7242ed93044e25b
  md5: 0f846eecce9004022f9706252b143b0f
  depends:
  - ld_impl_linux-64 2.45 h1aa0949_0
  - sysroot_linux-64
  - zstd >=1.5.7,<1.6.0a0
  license: GPL-3.0-only
  license_family: GPL
  size: 3781434
  timestamp: 1763060453906
- conda: https://conda.anaconda.org/conda-forge/linux-64/binutils_linux-64-2.45-h4852527_0.conda
  sha256: ffcb163c3f3b87d6aaa2608ff6027fe21bdcf9844f204112c7ef0f9eb65a848e
  md5: 01c3e6f0d3266733368ca1b64f1415d8
  depends:
  - binutils_impl_linux-64 2.45 h9d8b0ac_0
  license: GPL-3.0-only
  license_family: GPL
  size: 36086
  timestamp: 1763060480570
- conda: https://conda.anaconda.org/conda-forge/linux-64/c-compiler-1.11.0-h4d9bdce_0.conda
  sha256: 8e7a40f16400d7839c82581410aa05c1f8324a693c9d50079f8c50dc9fb241f0
  md5: abd85120de1187b0d1ec305c2173c71b
  depends:
  - binutils
  - gcc
  - gcc_linux-64 14.*
  license: BSD-3-Clause
  license_family: BSD
  size: 6693
  timestamp: 1753098721814
- conda: https://conda.anaconda.org/conda-forge/osx-arm64/c-compiler-1.11.0-h61f9b84_0.conda
  sha256: b51bd1551cfdf41500f732b4bd1e4e70fb1e74557165804a648f32fa9c671eec
  md5: 148516e0c9edf4e9331a4d53ae806a9b
  depends:
  - cctools >=949.0.1
  - clang_osx-arm64 19.*
  - ld64 >=530
  - llvm-openmp
  license: BSD-3-Clause
  license_family: BSD
  size: 6697
  timestamp: 1753098737760
- conda: https://conda.anaconda.org/conda-forge/noarch/ca-certificates-2025.11.12-hbd8a1cb_0.conda
  sha256: b986ba796d42c9d3265602bc038f6f5264095702dd546c14bc684e60c385e773
  md5: f0991f0f84902f6b6009b4d2350a83aa
  depends:
  - __unix
  license: ISC
  size: 152432
  timestamp: 1762967197890
- conda: https://conda.anaconda.org/conda-forge/osx-arm64/cctools-1024.3-hd01ab73_9.conda
  sha256: a11101e3df79b4571f96c6d95ad31e8cfc12e48ca15e21a16f431b0cd4809a71
  md5: 3819ebcafd8ade70c3c20dd3e368b699
  depends:
  - cctools_osx-arm64 1024.3 llvm19_1_h8c76c84_9
  - ld64 955.13 he86490a_9
  - libllvm19 >=19.1.7,<19.2.0a0
  license: APSL-2.0
  license_family: Other
  size: 22684
  timestamp: 1762108559467
- conda: https://conda.anaconda.org/conda-forge/osx-arm64/cctools_osx-arm64-1024.3-llvm19_1_h8c76c84_9.conda
  sha256: e60d3fba485bb8cbaf94aa7724bf41c7c05cfa4bb0c57c4c440f8f3e9a3ecebf
  md5: 89b4c077857b4cfd7220a32e7f96f8e1
  depends:
  - __osx >=11.0
  - ld64_osx-arm64 >=955.13,<955.14.0a0
  - libcxx
  - libllvm19 >=19.1.7,<19.2.0a0
  - libzlib >=1.3.1,<2.0a0
  - llvm-tools 19.1.*
  - sigtool
  constrains:
  - clang 19.1.*
  - cctools 1024.3.*
  - ld64 955.13.*
  license: APSL-2.0
  license_family: Other
  size: 744495
  timestamp: 1762108501827
- conda: https://conda.anaconda.org/conda-forge/osx-arm64/clang-19.1.7-default_hf9bcbb7_5.conda
  sha256: 6e9cb7e80a41dbbfd95e86d87c8e5dafc3171aadda16ca33a1e2136748267318
  md5: 6773a2b7d7d1b0a8d0e0f3bf4e928936
  depends:
  - clang-19 19.1.7 default_h73dfc95_5
  license: Apache-2.0 WITH LLVM-exception
  license_family: Apache
  size: 24502
  timestamp: 1759435412103
- conda: https://conda.anaconda.org/conda-forge/osx-arm64/clang-19-19.1.7-default_h73dfc95_5.conda
  sha256: f1c8f4e8735918aacd7cab058fff389fc639d4537221753f0e9b44e120892f9a
  md5: 561b822bdb2c1bb41e16e59a090f1e36
  depends:
  - __osx >=11.0
  - libclang-cpp19.1 19.1.7 default_h73dfc95_5
  - libcxx >=19.1.7
  - libllvm19 >=19.1.7,<19.2.0a0
  license: Apache-2.0 WITH LLVM-exception
  license_family: Apache
  size: 763853
  timestamp: 1759435247449
- conda: https://conda.anaconda.org/conda-forge/osx-arm64/clang_impl_osx-arm64-19.1.7-h76e6a08_25.conda
  sha256: ee3c0976bde0ac19f84d29213ea3d9c3fd9c56d56c33ee471a8680cf69307ce1
  md5: a4e2f211f7c3cf582a6cb447bee2cad9
  depends:
  - cctools_osx-arm64
  - clang 19.1.7.*
  - compiler-rt 19.1.7.*
  - ld64_osx-arm64
  - llvm-tools 19.1.7.*
  license: BSD-3-Clause
  license_family: BSD
  size: 18159
  timestamp: 1748575942374
- conda: https://conda.anaconda.org/conda-forge/osx-arm64/clang_osx-arm64-19.1.7-h07b0088_25.conda
  sha256: 92a45a972af5eba3b7fca66880c3d5bdf73d0c69a3e21d1b3999fb9b5be1b323
  md5: 1b53cb5305ae53b5aeba20e58c625d96
  depends:
  - clang_impl_osx-arm64 19.1.7 h76e6a08_25
  license: BSD-3-Clause
  license_family: BSD
  size: 21337
  timestamp: 1748575949016
- conda: https://conda.anaconda.org/conda-forge/osx-arm64/clangxx-19.1.7-default_h36137df_5.conda
  sha256: f8f94321aee9ad83cb1cdf90660885fccb482c34c82ba84c2c167d452376834f
  md5: c11a3a5a0cdb74d8ce58c6eac8d1f662
  depends:
  - clang 19.1.7 default_hf9bcbb7_5
  - libcxx-devel 19.1.*
  license: Apache-2.0 WITH LLVM-exception
  license_family: Apache
  size: 24587
  timestamp: 1759435427954
- conda: https://conda.anaconda.org/conda-forge/osx-arm64/clangxx_impl_osx-arm64-19.1.7-h276745f_25.conda
  sha256: b997d325da6ca60e71937b9e28f114893401ca7cf94c4007d744e402a25c2c52
  md5: 5eeaa7b2dd32f62eb3beb0d6ba1e664f
  depends:
  - clang_osx-arm64 19.1.7 h07b0088_25
  - clangxx 19.1.7.*
  - libcxx >=19
  - libllvm19 >=19.1.7,<19.2.0a0
  license: BSD-3-Clause
  license_family: BSD
  size: 18297
  timestamp: 1748576000726
- conda: https://conda.anaconda.org/conda-forge/osx-arm64/clangxx_osx-arm64-19.1.7-h07b0088_25.conda
  sha256: 93801e6e821ae703d03629b1b993dbae1920b80012818edd5fcd18a9055897ce
  md5: 4e09188aa8def7d8b3ae149aa856c0e5
  depends:
  - clang_osx-arm64 19.1.7 h07b0088_25
  - clangxx_impl_osx-arm64 19.1.7 h276745f_25
  license: BSD-3-Clause
  license_family: BSD
  size: 19709
  timestamp: 1748576006669
- conda: https://conda.anaconda.org/conda-forge/osx-arm64/compiler-rt-19.1.7-h855ad52_1.conda
  sha256: b58a481828aee699db7f28bfcbbe72fb133277ac60831dfe70ee2465541bcb93
  md5: 39451684370ae65667fa5c11222e43f7
  depends:
  - __osx >=11.0
  - clang 19.1.7.*
  - compiler-rt_osx-arm64 19.1.7.*
  license: Apache-2.0 WITH LLVM-exception
  license_family: APACHE
  size: 97085
  timestamp: 1757411887557
- conda: https://conda.anaconda.org/conda-forge/noarch/compiler-rt_osx-arm64-19.1.7-he32a8d3_1.conda
  sha256: 8c32a3db8adf18ed58197e8895ce4f24a83ed63c817512b9a26724753b116f2a
  md5: 8d99c82e0f5fed6cc36fcf66a11e03f0
  depends:
  - clang 19.1.7.*
  constrains:
  - compiler-rt 19.1.7
  - clangxx 19.1.7
  license: Apache-2.0 WITH LLVM-exception
  license_family: APACHE
  size: 10490535
  timestamp: 1757411851093
- conda: https://conda.anaconda.org/conda-forge/linux-64/compilers-1.11.0-ha770c72_0.conda
  sha256: 5709f2cbfeb8690317ba702611bdf711a502b417fecda6ad3313e501f6f8bd61
  md5: fdcf2e31dd960ef7c5daa9f2c95eff0e
  depends:
  - c-compiler 1.11.0 h4d9bdce_0
  - cxx-compiler 1.11.0 hfcd1e18_0
  - fortran-compiler 1.11.0 h9bea470_0
  license: BSD-3-Clause
  license_family: BSD
  size: 7482
  timestamp: 1753098722454
- conda: https://conda.anaconda.org/conda-forge/osx-arm64/compilers-1.11.0-hce30654_0.conda
  sha256: 01f02e9baa51ef2debfdc55df57ea6a7fce9b5fb9356c3267afb517e1dc4363a
  md5: aac0d423ecfd95bde39582d0de9ca657
  depends:
  - c-compiler 1.11.0 h61f9b84_0
  - cxx-compiler 1.11.0 h88570a1_0
  - fortran-compiler 1.11.0 h81a4f41_0
  license: BSD-3-Clause
  license_family: BSD
  size: 7525
  timestamp: 1753098740763
- conda: https://conda.anaconda.org/conda-forge/linux-64/conda-gcc-specs-14.3.0-hb991d5c_7.conda
  sha256: d2fc6de5c21d92bf6a4c2f51040662ea34ed94baa7c2758ba685fd3b0032f7cb
  md5: 39586596e88259bae48f904fb1025b77
  depends:
  - gcc_impl_linux-64 >=14.3.0,<14.3.1.0a0
  license: GPL-3.0-only WITH GCC-exception-3.1
  license_family: GPL
  size: 33231
  timestamp: 1759965946160
- conda: https://conda.anaconda.org/conda-forge/linux-64/cxx-compiler-1.11.0-hfcd1e18_0.conda
  sha256: 3fcc97ae3e89c150401a50a4de58794ffc67b1ed0e1851468fcc376980201e25
  md5: 5da8c935dca9186673987f79cef0b2a5
  depends:
  - c-compiler 1.11.0 h4d9bdce_0
  - gxx
  - gxx_linux-64 14.*
  license: BSD-3-Clause
  license_family: BSD
  size: 6635
  timestamp: 1753098722177
- conda: https://conda.anaconda.org/conda-forge/osx-arm64/cxx-compiler-1.11.0-h88570a1_0.conda
  sha256: 99800d97a3a2ee9920dfc697b6d4c64e46dc7296c78b1b6c746ff1c24dea5e6c
  md5: 043afed05ca5a0f2c18252ae4378bdee
  depends:
  - c-compiler 1.11.0 h61f9b84_0
  - clangxx_osx-arm64 19.*
  license: BSD-3-Clause
  license_family: BSD
  size: 6715
  timestamp: 1753098739952
- conda: https://conda.anaconda.org/conda-forge/linux-64/fortran-compiler-1.11.0-h9bea470_0.conda
  sha256: 53e5562ede83b478ebe9f4fc3d3b4eff5b627883f48aa0bf412e8fd90b5d6113
  md5: d5596f445a1273ddc5ea68864c01b69f
  depends:
  - binutils
  - c-compiler 1.11.0 h4d9bdce_0
  - gfortran
  - gfortran_linux-64 14.*
  license: BSD-3-Clause
  license_family: BSD
  size: 6656
  timestamp: 1753098722318
- conda: https://conda.anaconda.org/conda-forge/osx-arm64/fortran-compiler-1.11.0-h81a4f41_0.conda
  sha256: 1a030edc0e79e4e7a4ed9736ec6925303940148d00f20faf3a7abf0565de181e
  md5: d221c62af175b83186f96d8b0880bff6
  depends:
  - cctools >=949.0.1
  - gfortran
  - gfortran_osx-arm64 14.*
  - ld64 >=530
  - llvm-openmp
  license: BSD-3-Clause
  license_family: BSD
  size: 6723
  timestamp: 1753098739029
- conda: https://conda.anaconda.org/conda-forge/linux-64/gcc-14.3.0-h76bdaa0_7.conda
  sha256: 5eae0f13f8012215c18fba5b74e10686c4720f5c6038a6cfbedcb91fe59eea3d
  md5: cd5d2db69849f2fc7b592daf86c3015a
  depends:
  - conda-gcc-specs
  - gcc_impl_linux-64 14.3.0.*
  license: BSD-3-Clause
  license_family: BSD
  size: 31025
  timestamp: 1759966082917
- conda: https://conda.anaconda.org/conda-forge/linux-64/gcc_impl_linux-64-14.3.0-hd9e9e21_7.conda
  sha256: bddd2b13469334fdd474281753cf0b347ac16c3e123ecfdce556ba16fbda9454
  md5: 54876317578ad4bf695aad97ff8398d9
  depends:
  - binutils_impl_linux-64 >=2.40
  - libgcc >=14.3.0
  - libgcc-devel_linux-64 14.3.0 h85bb3a7_107
  - libgomp >=14.3.0
  - libsanitizer 14.3.0 hd08acf3_7
  - libstdcxx >=14.3.0
  - sysroot_linux-64
  license: GPL-3.0-only WITH GCC-exception-3.1
  license_family: GPL
  size: 69987984
  timestamp: 1759965829687
- conda: https://conda.anaconda.org/conda-forge/linux-64/gcc_linux-64-14.3.0-h298d278_13.conda
  sha256: 4506002b7ce76d8c0b4d067c78cb0870843b20c14f3a5549d446ce15357e58a5
  md5: fef26f75fa5d301cd3f47257eab30dd1
  depends:
  - gcc_impl_linux-64 14.3.0.*
  - binutils_linux-64
  - sysroot_linux-64
  license: BSD-3-Clause
  license_family: BSD
  size: 27974
  timestamp: 1763063939251
- conda: https://conda.anaconda.org/conda-forge/linux-64/gdbm-1.18-h0a1914f_2.tar.bz2
  sha256: 8b9606dc896bd9262d09ab2ef1cb55c4ee43f352473209b58b37a9289dd7b00c
  md5: b77bc399b07a19c00fe12fdc95ee0297
  depends:
  - libgcc-ng >=7.5.0
  - readline >=8.0,<9.0a0
  license: GPL-3.0
  license_family: GPL
  size: 194790
  timestamp: 1597622040785
- conda: https://conda.anaconda.org/conda-forge/osx-arm64/gettext-0.25.1-h3dcc1bd_0.conda
  sha256: 129a81e9da9f60ae6955b49938447e7faeb7e1be815b2db99e76956dddf8c392
  md5: 7059ba83fd98707b2cd9a5f06f589dd4
  depends:
  - __osx >=11.0
  - gettext-tools 0.25.1 h493aca8_0
  - libasprintf 0.25.1 h493aca8_0
  - libasprintf-devel 0.25.1 h493aca8_0
  - libcxx >=18
  - libgettextpo 0.25.1 h493aca8_0
  - libgettextpo-devel 0.25.1 h493aca8_0
  - libiconv >=1.18,<2.0a0
  - libintl 0.25.1 h493aca8_0
  - libintl-devel 0.25.1 h493aca8_0
  license: LGPL-2.1-or-later AND GPL-3.0-or-later
  size: 543276
  timestamp: 1751558682952
- conda: https://conda.anaconda.org/conda-forge/osx-arm64/gettext-tools-0.25.1-h493aca8_0.conda
  sha256: e8dd68706676d5b6f6ee09240936a0ecd1ae12b87dbb37e4c4be263e332ab125
  md5: 817042c017930497931da6aa04a47f09
  depends:
  - __osx >=11.0
  - libiconv >=1.18,<2.0a0
  - libintl 0.25.1 h493aca8_0
  license: GPL-3.0-or-later
  license_family: GPL
  size: 3748044
  timestamp: 1751558602508
- conda: https://conda.anaconda.org/conda-forge/linux-64/gfortran-14.3.0-he448592_7.conda
  sha256: 7ab008dd3dc5e6ca0de2614771019a1d35480d51df6216c96b1cf6a5e660ee40
  md5: 94394acdc56dcb4d55dddf0393134966
  depends:
  - gcc 14.3.0.*
  - gcc_impl_linux-64 14.3.0.*
  - gfortran_impl_linux-64 14.3.0.*
  license: BSD-3-Clause
  license_family: BSD
  size: 30407
  timestamp: 1759966108779
- conda: https://conda.anaconda.org/conda-forge/osx-arm64/gfortran-14.3.0-h3ef1dbf_0.conda
  sha256: cfdf9b4dd37ddfc15ea1c415619d4137004fa135d7192e5cdcea8e3944dc9df7
  md5: e148e0bc9bbc90b6325a479a5501786d
  depends:
  - cctools
  - gfortran_osx-arm64 14.3.0
  - ld64
  license: GPL-3.0-or-later WITH GCC-exception-3.1
  license_family: GPL
  size: 32740
  timestamp: 1751220440768
- conda: https://conda.anaconda.org/conda-forge/linux-64/gfortran_impl_linux-64-14.3.0-h7db7018_7.conda
  sha256: 89d00289c98742b17974e8fe5c577bee71d763f9bcf9a820f2236ccb8a0cc71c
  md5: a68add92b710d3139b46f46a27d06c80
  depends:
  - gcc_impl_linux-64 >=14.3.0
  - libgcc >=14.3.0
  - libgfortran5 >=14.3.0
  - libstdcxx >=14.3.0
  - sysroot_linux-64
  license: GPL-3.0-only WITH GCC-exception-3.1
  license_family: GPL
  size: 17013425
  timestamp: 1759966008772
- conda: https://conda.anaconda.org/conda-forge/osx-arm64/gfortran_impl_osx-arm64-14.3.0-h6d03799_1.conda
  sha256: c05c634388e180f79c70a5989d2b25977716b7f6d5e395119ad0007cf4a7bcbf
  md5: 1e9ec88ecc684d92644a45c6df2399d0
  depends:
  - __osx >=11.0
  - cctools_osx-arm64
  - clang
  - gmp >=6.3.0,<7.0a0
  - isl 0.26.*
  - libcxx >=17
  - libgfortran-devel_osx-arm64 14.3.0.*
  - libgfortran5 >=14.3.0
  - libiconv >=1.18,<2.0a0
  - libzlib >=1.3.1,<2.0a0
  - mpc >=1.3.1,<2.0a0
  - mpfr >=4.2.1,<5.0a0
  - zlib
  license: GPL-3.0-only WITH GCC-exception-3.1
  license_family: GPL
  size: 20286770
  timestamp: 1759712171482
- conda: https://conda.anaconda.org/conda-forge/linux-64/gfortran_linux-64-14.3.0-h523a340_13.conda
  sha256: 4b66986658904e781d4d0ca9449c2f7f29b242a3ad5e022886fcef4880f3de44
  md5: fdffffaa9e8fb2a16fc6427ec22172aa
  depends:
  - gfortran_impl_linux-64 14.3.0.*
  - gcc_linux-64 ==14.3.0 h298d278_13
  - binutils_linux-64
  - sysroot_linux-64
  license: BSD-3-Clause
  license_family: BSD
  size: 26764
  timestamp: 1763063939251
- conda: https://conda.anaconda.org/conda-forge/osx-arm64/gfortran_osx-arm64-14.3.0-h3c33bd0_0.conda
  sha256: 2644e5f4b4eed171b12afb299e2413be5877db92f30ec03690621d1ae648502c
  md5: 8db8c0061c0f3701444b7b9cc9966511
  depends:
  - cctools_osx-arm64
  - clang
  - clang_osx-arm64
  - gfortran_impl_osx-arm64 14.3.0
  - ld64_osx-arm64
  - libgfortran
  - libgfortran-devel_osx-arm64 14.3.0
  - libgfortran5 >=14.3.0
  license: GPL-3.0-or-later WITH GCC-exception-3.1
  license_family: GPL
  size: 35951
  timestamp: 1751220424258
- conda: https://conda.anaconda.org/conda-forge/linux-64/gmp-6.3.0-hac33072_2.conda
  sha256: 309cf4f04fec0c31b6771a5809a1909b4b3154a2208f52351e1ada006f4c750c
  md5: c94a5994ef49749880a8139cf9afcbe1
  depends:
  - libgcc-ng >=12
  - libstdcxx-ng >=12
  license: GPL-2.0-or-later OR LGPL-3.0-or-later
  size: 460055
  timestamp: 1718980856608
- conda: https://conda.anaconda.org/conda-forge/osx-arm64/gmp-6.3.0-h7bae524_2.conda
  sha256: 76e222e072d61c840f64a44e0580c2503562b009090f55aa45053bf1ccb385dd
  md5: eed7278dfbab727b56f2c0b64330814b
  depends:
  - __osx >=11.0
  - libcxx >=16
  license: GPL-2.0-or-later OR LGPL-3.0-or-later
  size: 365188
  timestamp: 1718981343258
- conda: https://conda.anaconda.org/conda-forge/linux-64/gxx-14.3.0-he448592_7.conda
  sha256: 7acf0ee3039453aa69f16da063136335a3511f9c157e222def8d03c8a56a1e03
  md5: 91dc0abe7274ac5019deaa6100643265
  depends:
  - gcc 14.3.0.*
  - gxx_impl_linux-64 14.3.0.*
  license: BSD-3-Clause
  license_family: BSD
  size: 30403
  timestamp: 1759966121169
- conda: https://conda.anaconda.org/conda-forge/linux-64/gxx_impl_linux-64-14.3.0-he663afc_7.conda
  sha256: 597579f6ce995c2a53dcb290c75d94819ca92f898687162f992a208a5ea1b65b
  md5: 2700e7aad63bca8c26c2042a6a7214d6
  depends:
  - gcc_impl_linux-64 14.3.0 hd9e9e21_7
  - libstdcxx-devel_linux-64 14.3.0 h85bb3a7_107
  - sysroot_linux-64
  - tzdata
  license: GPL-3.0-only WITH GCC-exception-3.1
  license_family: GPL
  size: 15187856
  timestamp: 1759966051354
- conda: https://conda.anaconda.org/conda-forge/linux-64/gxx_linux-64-14.3.0-hed40740_13.conda
  sha256: c143d5e78374305b9838335a5415a1af237357516ef2afdc0d0725263a2e0819
  md5: 7941726e8d0211bfb536025fb0cd9090
  depends:
  - gxx_impl_linux-64 14.3.0.*
  - gcc_linux-64 ==14.3.0 h298d278_13
  - binutils_linux-64
  - sysroot_linux-64
  license: BSD-3-Clause
  license_family: BSD
  size: 27078
  timestamp: 1763063939251
- conda: https://conda.anaconda.org/conda-forge/osx-arm64/isl-0.26-imath32_h347afa1_101.conda
  sha256: fc9272371750c56908b8e535755b1e23cf7803a2cc4a7d9ae539347baa14f740
  md5: e80e44a3f4862b1da870dc0557f8cf3b
  depends:
  - libcxx >=14.0.6
  track_features:
  - isl_imath-32
  license: MIT
  license_family: MIT
  size: 819937
  timestamp: 1680649567633
- conda: https://conda.anaconda.org/conda-forge/noarch/kernel-headers_linux-64-4.18.0-he073ed8_8.conda
  sha256: 305c22a251db227679343fd73bfde121e555d466af86e537847f4c8b9436be0d
  md5: ff007ab0f0fdc53d245972bba8a6d40c
  constrains:
  - sysroot_linux-64 ==2.28
  license: LGPL-2.0-or-later AND LGPL-2.0-or-later WITH exceptions AND GPL-2.0-or-later
  license_family: GPL
  size: 1272697
  timestamp: 1752669126073
- conda: https://conda.anaconda.org/conda-forge/osx-arm64/ld64-955.13-he86490a_9.conda
  sha256: e25c675c57710e9e9ce963f476adecce5fdef2aed895db58402419db58e8e1bf
  md5: 279533a0a5e350ee3c736837114f9aaf
  depends:
  - ld64_osx-arm64 955.13 llvm19_1_h6922315_9
  - libllvm19 >=19.1.7,<19.2.0a0
  constrains:
  - cctools 1024.3.*
  - cctools_osx-arm64 1024.3.*
  license: APSL-2.0
  license_family: Other
  size: 19978
  timestamp: 1762108533100
- conda: https://conda.anaconda.org/conda-forge/osx-arm64/ld64_osx-arm64-955.13-llvm19_1_h6922315_9.conda
  sha256: fe56b8253a93ff49fc02fba9c364382bc718ee8bacad6f199412756d93541160
  md5: 6725e9298bc2bc60c2dd48cc470db59b
  depends:
  - __osx >=11.0
  - libcxx
  - libllvm19 >=19.1.7,<19.2.0a0
  - sigtool
  - tapi >=1300.6.5,<1301.0a0
  constrains:
  - clang 19.1.*
  - cctools_osx-arm64 1024.3.*
  - cctools 1024.3.*
  - ld64 955.13.*
  license: APSL-2.0
  license_family: Other
  size: 1035237
  timestamp: 1762108433243
- conda: https://conda.anaconda.org/conda-forge/linux-64/ld_impl_linux-64-2.45-h1aa0949_0.conda
  sha256: 32321d38b8785ef8ddcfef652ee370acee8d944681014d47797a18637ff16854
  md5: 1450224b3e7d17dfeb985364b77a4d47
  depends:
  - __glibc >=2.17,<3.0.a0
  - zstd >=1.5.7,<1.6.0a0
  constrains:
  - binutils_impl_linux-64 2.45
  license: GPL-3.0-only
  license_family: GPL
  size: 753744
  timestamp: 1763060439129
- conda: https://conda.anaconda.org/conda-forge/osx-arm64/libasprintf-0.25.1-h493aca8_0.conda
  sha256: 7265547424e978ea596f51cc8e7b81638fb1c660b743e98cc4deb690d9d524ab
  md5: 0deb80a2d6097c5fb98b495370b2435b
  depends:
  - __osx >=11.0
  - libcxx >=18
  license: LGPL-2.1-or-later
  size: 52316
  timestamp: 1751558366611
- conda: https://conda.anaconda.org/conda-forge/osx-arm64/libasprintf-devel-0.25.1-h493aca8_0.conda
  sha256: fc76b07620eabde52928c69bcdcb5497da3fdad3331a76f9d4bffeb27e0bdd8f
  md5: c18067d2d5864e77f84456d97c1c17cc
  depends:
  - __osx >=11.0
  - libasprintf 0.25.1 h493aca8_0
  license: LGPL-2.1-or-later
  size: 35256
  timestamp: 1751558418167
- conda: https://conda.anaconda.org/conda-forge/osx-arm64/libclang-cpp19.1-19.1.7-default_h73dfc95_5.conda
  sha256: 6e62da7915a4a8b8bcd9a646e23c8a2180015d85a606c2a64e2385e6d0618949
  md5: 0b1110de04b80ea62e93fef6f8056fbb
  depends:
  - __osx >=11.0
  - libcxx >=19.1.7
  - libllvm19 >=19.1.7,<19.2.0a0
  license: Apache-2.0 WITH LLVM-exception
  license_family: Apache
  size: 14064272
  timestamp: 1759435091038
- conda: https://conda.anaconda.org/conda-forge/osx-arm64/libcxx-21.1.5-hf598326_0.conda
  sha256: cb441b85669eec99a593f59e6bb18c1d8a46d13eebadfc6a55f0b298109bf510
  md5: fbfdbf6e554275d2661c4541f45fed53
  depends:
  - __osx >=11.0
  license: Apache-2.0 WITH LLVM-exception
  license_family: Apache
  size: 569449
  timestamp: 1762258167196
- conda: https://conda.anaconda.org/conda-forge/osx-arm64/libcxx-devel-19.1.7-h6dc3340_1.conda
  sha256: 6dd08a65b8ef162b058dc931aba3bdb6274ba5f05b6c86fbd0c23f2eafc7cc47
  md5: 1399af81db60d441e7c6577307d5cf82
  depends:
  - libcxx >=19.1.7
  license: Apache-2.0 WITH LLVM-exception
  license_family: Apache
  size: 825628
  timestamp: 1742451285589
- conda: https://conda.anaconda.org/conda-forge/linux-64/libffi-3.5.2-h9ec8514_0.conda
  sha256: 25cbdfa65580cfab1b8d15ee90b4c9f1e0d72128f1661449c9a999d341377d54
  md5: 35f29eec58405aaf55e01cb470d8c26a
  depends:
  - __glibc >=2.17,<3.0.a0
  - libgcc >=14
  license: MIT
  license_family: MIT
  size: 57821
  timestamp: 1760295480630
- conda: https://conda.anaconda.org/conda-forge/osx-arm64/libffi-3.5.2-he5f378a_0.conda
  sha256: 9b8acdf42df61b7bfe8bdc545c016c29e61985e79748c64ad66df47dbc2e295f
  md5: 411ff7cd5d1472bba0f55c0faf04453b
  depends:
  - __osx >=11.0
  license: MIT
  license_family: MIT
  size: 40251
  timestamp: 1760295839166
- conda: https://conda.anaconda.org/conda-forge/linux-64/libgcc-15.2.0-h767d61c_7.conda
  sha256: 08f9b87578ab981c7713e4e6a7d935e40766e10691732bba376d4964562bcb45
  md5: c0374badb3a5d4b1372db28d19462c53
  depends:
  - __glibc >=2.17,<3.0.a0
  - _openmp_mutex >=4.5
  constrains:
  - libgomp 15.2.0 h767d61c_7
  - libgcc-ng ==15.2.0=*_7
  license: GPL-3.0-only WITH GCC-exception-3.1
  license_family: GPL
  size: 822552
  timestamp: 1759968052178
- conda: https://conda.anaconda.org/conda-forge/noarch/libgcc-devel_linux-64-14.3.0-h85bb3a7_107.conda
  sha256: 57a1e792e9cffb3e641c84d3830eb637a81c85f33bdc3d45ac7b653c701f9d68
  md5: 84915638a998fae4d495fa038683a73e
  depends:
  - __unix
  license: GPL-3.0-only WITH GCC-exception-3.1
  license_family: GPL
  size: 2731390
  timestamp: 1759965626607
- conda: https://conda.anaconda.org/conda-forge/linux-64/libgcc-ng-15.2.0-h69a702a_7.conda
  sha256: 2045066dd8e6e58aaf5ae2b722fb6dfdbb57c862b5f34ac7bfb58c40ef39b6ad
  md5: 280ea6eee9e2ddefde25ff799c4f0363
  depends:
  - libgcc 15.2.0 h767d61c_7
  license: GPL-3.0-only WITH GCC-exception-3.1
  license_family: GPL
  size: 29313
  timestamp: 1759968065504
- conda: https://conda.anaconda.org/conda-forge/osx-arm64/libgettextpo-0.25.1-h493aca8_0.conda
  sha256: 3ba35ff26b3b9573b5df5b9bbec5c61476157ec3a9f12c698e2a9350cd4338fd
  md5: 98acd9989d0d8d5914ccc86dceb6c6c2
  depends:
  - __osx >=11.0
  - libiconv >=1.18,<2.0a0
  - libintl 0.25.1 h493aca8_0
  license: GPL-3.0-or-later
  license_family: GPL
  size: 183091
  timestamp: 1751558452316
- conda: https://conda.anaconda.org/conda-forge/osx-arm64/libgettextpo-devel-0.25.1-h493aca8_0.conda
  sha256: 976941e18f879e5c1e67553f9657f7bb9d3935c89014ebfeafe89dcfba2de9e7
  md5: 91c2fdde1cb4a61b5cb7afa682af359e
  depends:
  - __osx >=11.0
  - libgettextpo 0.25.1 h493aca8_0
  - libiconv >=1.18,<2.0a0
  - libintl 0.25.1 h493aca8_0
  license: GPL-3.0-or-later
  license_family: GPL
  size: 37894
  timestamp: 1751558502415
- conda: https://conda.anaconda.org/conda-forge/osx-arm64/libgfortran-15.2.0-hfcf01ff_1.conda
  sha256: e9a5d1208b9dc0b576b35a484d527d9b746c4e65620e0d77c44636033b2245f0
  md5: f699348e3f4f924728e33551b1920f79
  depends:
  - libgfortran5 15.2.0 h742603c_1
  license: GPL-3.0-only WITH GCC-exception-3.1
  license_family: GPL
  size: 134016
  timestamp: 1759712902814
- conda: https://conda.anaconda.org/conda-forge/noarch/libgfortran-devel_osx-arm64-14.3.0-hc965647_1.conda
  sha256: f6ecc12e02a30ab7ee7a8b7285e4ffe3c2452e43885ce324b85827b97659a8c8
  md5: c1b69e537b3031d0f5af780b432ce511
  license: GPL-3.0-only WITH GCC-exception-3.1
  license_family: GPL
  size: 2035634
  timestamp: 1756233109102
- conda: https://conda.anaconda.org/conda-forge/linux-64/libgfortran5-15.2.0-hcd61629_7.conda
  sha256: e93ceda56498d98c9f94fedec3e2d00f717cbedfc97c49be0e5a5828802f2d34
  md5: f116940d825ffc9104400f0d7f1a4551
  depends:
  - __glibc >=2.17,<3.0.a0
  - libgcc >=15.2.0
  constrains:
  - libgfortran 15.2.0
  license: GPL-3.0-only WITH GCC-exception-3.1
  license_family: GPL
  size: 1572758
  timestamp: 1759968082504
- conda: https://conda.anaconda.org/conda-forge/osx-arm64/libgfortran5-15.2.0-h742603c_1.conda
  sha256: 18808697013a625ca876eeee3d86ee5b656f17c391eca4a4bc70867717cc5246
  md5: afccf412b03ce2f309f875ff88419173
  depends:
  - llvm-openmp >=8.0.0
  constrains:
  - libgfortran 15.2.0
  license: GPL-3.0-only WITH GCC-exception-3.1
  license_family: GPL
  size: 764028
  timestamp: 1759712189275
- conda: https://conda.anaconda.org/conda-forge/linux-64/libgomp-15.2.0-h767d61c_7.conda
  sha256: e9fb1c258c8e66ee278397b5822692527c5f5786d372fe7a869b900853f3f5ca
  md5: f7b4d76975aac7e5d9e6ad13845f92fe
  depends:
  - __glibc >=2.17,<3.0.a0
  license: GPL-3.0-only WITH GCC-exception-3.1
  license_family: GPL
  size: 447919
  timestamp: 1759967942498
- conda: https://conda.anaconda.org/conda-forge/osx-arm64/libiconv-1.18-h23cfdf5_2.conda
  sha256: de0336e800b2af9a40bdd694b03870ac4a848161b35c8a2325704f123f185f03
  md5: 4d5a7445f0b25b6a3ddbb56e790f5251
  depends:
  - __osx >=11.0
  license: LGPL-2.1-only
  size: 750379
  timestamp: 1754909073836
- conda: https://conda.anaconda.org/conda-forge/osx-arm64/libintl-0.25.1-h493aca8_0.conda
  sha256: 99d2cebcd8f84961b86784451b010f5f0a795ed1c08f1e7c76fbb3c22abf021a
  md5: 5103f6a6b210a3912faf8d7db516918c
  depends:
  - __osx >=11.0
  - libiconv >=1.18,<2.0a0
  license: LGPL-2.1-or-later
  size: 90957
  timestamp: 1751558394144
- conda: https://conda.anaconda.org/conda-forge/osx-arm64/libintl-devel-0.25.1-h493aca8_0.conda
  sha256: 5a446cb0501d87e0816da0bce524c60a053a4cf23c94dfd3e2b32a8499009e36
  md5: 5f9888e1cdbbbef52c8cf8b567393535
  depends:
  - __osx >=11.0
  - libiconv >=1.18,<2.0a0
  - libintl 0.25.1 h493aca8_0
  license: LGPL-2.1-or-later
  size: 40340
  timestamp: 1751558481257
- conda: https://conda.anaconda.org/conda-forge/osx-arm64/libllvm19-19.1.7-h8e0c9ce_2.conda
  sha256: 46f8ff3d86438c0af1bebe0c18261ce5de9878d58b4fe399a3a125670e4f0af5
  md5: d1d9b233830f6631800acc1e081a9444
  depends:
  - __osx >=11.0
  - libcxx >=19
  - libxml2
  - libxml2-16 >=2.14.5
  - libzlib >=1.3.1,<2.0a0
  - zstd >=1.5.7,<1.6.0a0
  license: Apache-2.0 WITH LLVM-exception
  license_family: Apache
  size: 26914852
  timestamp: 1757353228286
- conda: https://conda.anaconda.org/conda-forge/osx-arm64/liblzma-5.8.1-h39f12f2_2.conda
  sha256: 0cb92a9e026e7bd4842f410a5c5c665c89b2eb97794ffddba519a626b8ce7285
  md5: d6df911d4564d77c4374b02552cb17d1
  depends:
  - __osx >=11.0
  constrains:
  - xz 5.8.1.*
  license: 0BSD
  size: 92286
  timestamp: 1749230283517
- conda: https://conda.anaconda.org/conda-forge/linux-64/libsanitizer-14.3.0-hd08acf3_7.conda
  sha256: 73eb65f58ed086cf73fb9af3be4a9b288f630e9c2e1caacc75aff5f265d2dda2
  md5: 716f4c96e07207d74e635c915b8b3f8b
  depends:
  - __glibc >=2.17,<3.0.a0
  - libgcc >=14.3.0
  - libstdcxx >=14.3.0
  license: GPL-3.0-only WITH GCC-exception-3.1
  license_family: GPL
  size: 5110341
  timestamp: 1759965766003
- conda: https://conda.anaconda.org/conda-forge/linux-64/libstdcxx-15.2.0-h8f9b012_7.conda
  sha256: 1b981647d9775e1cdeb2fab0a4dd9cd75a6b0de2963f6c3953dbd712f78334b3
  md5: 5b767048b1b3ee9a954b06f4084f93dc
  depends:
  - __glibc >=2.17,<3.0.a0
  - libgcc 15.2.0 h767d61c_7
  constrains:
  - libstdcxx-ng ==15.2.0=*_7
  license: GPL-3.0-only WITH GCC-exception-3.1
  license_family: GPL
  size: 3898269
  timestamp: 1759968103436
- conda: https://conda.anaconda.org/conda-forge/noarch/libstdcxx-devel_linux-64-14.3.0-h85bb3a7_107.conda
  sha256: 54ba5632d93faebbec3899d9df84c6e71c4574d70a2f3babfc5aac4247874038
  md5: eaf0f047b048c4d86a4b8c60c0e95f38
  depends:
  - __unix
  license: GPL-3.0-only WITH GCC-exception-3.1
  license_family: GPL
  size: 13244605
  timestamp: 1759965656146
- conda: https://conda.anaconda.org/conda-forge/linux-64/libstdcxx-ng-15.2.0-h4852527_7.conda
  sha256: 024fd46ac3ea8032a5ec3ea7b91c4c235701a8bf0e6520fe5e6539992a6bd05f
  md5: f627678cf829bd70bccf141a19c3ad3e
  depends:
  - libstdcxx 15.2.0 h8f9b012_7
  license: GPL-3.0-only WITH GCC-exception-3.1
  license_family: GPL
  size: 29343
  timestamp: 1759968157195
- conda: https://conda.anaconda.org/conda-forge/linux-64/libxcrypt-4.4.36-hd590300_1.conda
  sha256: 6ae68e0b86423ef188196fff6207ed0c8195dd84273cb5623b85aa08033a410c
  md5: 5aa797f8787fe7a17d1b0821485b5adc
  depends:
  - libgcc-ng >=12
  license: LGPL-2.1-or-later
  size: 100393
  timestamp: 1702724383534
- conda: https://conda.anaconda.org/conda-forge/osx-arm64/libxml2-2.15.1-hba2cd1d_0.conda
  sha256: fa01101fe7d95085846c16825f0e7dc0efe1f1c7438a96fe7395c885d6179495
  md5: a53d5f7fff38853ddb6bdc8fb609c039
  depends:
  - __osx >=11.0
  - libiconv >=1.18,<2.0a0
  - liblzma >=5.8.1,<6.0a0
  - libxml2-16 2.15.1 h8eac4d7_0
  - libzlib >=1.3.1,<2.0a0
  constrains:
  - icu <0.0a0
  license: MIT
  license_family: MIT
  size: 40611
  timestamp: 1761016283558
- conda: https://conda.anaconda.org/conda-forge/osx-arm64/libxml2-16-2.15.1-h8eac4d7_0.conda
  sha256: 3f3f9ba64a3fca15802d4eaf2a97696e6dcd916effa6a683756fd9f11245df5a
  md5: cf7291a970b93fe3bb726879f2037af8
  depends:
  - __osx >=11.0
  - libiconv >=1.18,<2.0a0
  - liblzma >=5.8.1,<6.0a0
  - libzlib >=1.3.1,<2.0a0
  constrains:
  - libxml2 2.15.1
  - icu <0.0a0
  license: MIT
  license_family: MIT
  size: 464186
  timestamp: 1761016258891
- conda: https://conda.anaconda.org/conda-forge/linux-64/libzlib-1.3.1-hb9d3cd8_2.conda
  sha256: d4bfe88d7cb447768e31650f06257995601f89076080e76df55e3112d4e47dc4
  md5: edb0dca6bc32e4f4789199455a1dbeb8
  depends:
  - __glibc >=2.17,<3.0.a0
  - libgcc >=13
  constrains:
  - zlib 1.3.1 *_2
  license: Zlib
  license_family: Other
  size: 60963
  timestamp: 1727963148474
- conda: https://conda.anaconda.org/conda-forge/osx-arm64/libzlib-1.3.1-h8359307_2.conda
  sha256: ce34669eadaba351cd54910743e6a2261b67009624dbc7daeeafdef93616711b
  md5: 369964e85dc26bfe78f41399b366c435
  depends:
  - __osx >=11.0
  constrains:
  - zlib 1.3.1 *_2
  license: Zlib
  license_family: Other
  size: 46438
  timestamp: 1727963202283
- conda: https://conda.anaconda.org/conda-forge/osx-arm64/llvm-openmp-21.1.5-h4a912ad_2.conda
  sha256: 38c5afe67f7e982b5a1c53a02ada948cf903ff5680f08f320f4334003f80a005
  md5: 3f8e66ee981067a7fff0c6855ff29f77
  depends:
  - __osx >=11.0
  constrains:
  - openmp 21.1.5|21.1.5.*
  - intel-openmp <0.0a0
  license: Apache-2.0 WITH LLVM-exception
  license_family: APACHE
  size: 285942
  timestamp: 1763095107736
- conda: https://conda.anaconda.org/conda-forge/osx-arm64/llvm-tools-19.1.7-h855ad52_2.conda
  sha256: 09750c33b5d694c494cad9eafda56c61a62622264173d760341b49fb001afe82
  md5: 3e3ac06efc5fdc1aa675ca30bf7d53df
  depends:
  - __osx >=11.0
  - libllvm19 19.1.7 h8e0c9ce_2
  - llvm-tools-19 19.1.7 h91fd4e7_2
  constrains:
  - llvm        19.1.7
  - llvmdev     19.1.7
  - clang-tools 19.1.7
  - clang       19.1.7
  license: Apache-2.0 WITH LLVM-exception
  license_family: Apache
  size: 88390
  timestamp: 1757353535760
- conda: https://conda.anaconda.org/conda-forge/osx-arm64/llvm-tools-19-19.1.7-h91fd4e7_2.conda
  sha256: 73f9506f7c32a448071340e73a0e8461e349082d63ecc4849e3eb2d1efc357dd
  md5: 8237b150fcd7baf65258eef9a0fc76ef
  depends:
  - __osx >=11.0
  - libcxx >=19
  - libllvm19 19.1.7 h8e0c9ce_2
  - libzlib >=1.3.1,<2.0a0
  - zstd >=1.5.7,<1.6.0a0
  license: Apache-2.0 WITH LLVM-exception
  license_family: Apache
  size: 16376095
  timestamp: 1757353442671
- conda: https://conda.anaconda.org/conda-forge/osx-arm64/mpc-1.3.1-h8f1351a_1.conda
  sha256: 2700899ad03302a1751dbf2bca135407e470dd83ac897ab91dd8675d4300f158
  md5: a5635df796b71f6ca400fc7026f50701
  depends:
  - __osx >=11.0
  - gmp >=6.3.0,<7.0a0
  - mpfr >=4.2.1,<5.0a0
  license: LGPL-3.0-or-later
  license_family: LGPL
  size: 104766
  timestamp: 1725629165420
- conda: https://conda.anaconda.org/conda-forge/osx-arm64/mpfr-4.2.1-hb693164_3.conda
  sha256: 4463e4e2aba7668e37a1b8532859191b4477a6f3602a5d6b4d64ad4c4baaeac5
  md5: 4e4ea852d54cc2b869842de5044662fb
  depends:
  - __osx >=11.0
  - gmp >=6.3.0,<7.0a0
  license: LGPL-3.0-only
  license_family: LGPL
  size: 345517
  timestamp: 1725746730583
- conda: https://conda.anaconda.org/conda-forge/linux-64/ncurses-6.5-h2d0b736_3.conda
  sha256: 3fde293232fa3fca98635e1167de6b7c7fda83caf24b9d6c91ec9eefb4f4d586
  md5: 47e340acb35de30501a76c7c799c41d7
  depends:
  - __glibc >=2.17,<3.0.a0
  - libgcc >=13
  license: X11 AND BSD-3-Clause
  size: 891641
  timestamp: 1738195959188
- conda: https://conda.anaconda.org/conda-forge/osx-arm64/ncurses-6.5-h5e97a16_3.conda
  sha256: 2827ada40e8d9ca69a153a45f7fd14f32b2ead7045d3bbb5d10964898fe65733
  md5: 068d497125e4bf8a66bf707254fff5ae
  depends:
  - __osx >=11.0
  license: X11 AND BSD-3-Clause
  size: 797030
  timestamp: 1738196177597
- conda: https://conda.anaconda.org/conda-forge/linux-64/openssl-3.6.0-h26f9b46_0.conda
  sha256: a47271202f4518a484956968335b2521409c8173e123ab381e775c358c67fe6d
  md5: 9ee58d5c534af06558933af3c845a780
  depends:
  - __glibc >=2.17,<3.0.a0
  - ca-certificates
  - libgcc >=14
  license: Apache-2.0
  license_family: Apache
  size: 3165399
  timestamp: 1762839186699
- conda: https://conda.anaconda.org/conda-forge/osx-arm64/openssl-3.6.0-h5503f6c_0.conda
  sha256: ebe93dafcc09e099782fe3907485d4e1671296bc14f8c383cb6f3dfebb773988
  md5: b34dc4172653c13dcf453862f251af2b
  depends:
  - __osx >=11.0
  - ca-certificates
  license: Apache-2.0
  license_family: Apache
  size: 3108371
  timestamp: 1762839712322
- conda: https://conda.anaconda.org/conda-forge/linux-64/readline-8.2-h8c095d6_2.conda
  sha256: 2d6d0c026902561ed77cd646b5021aef2d4db22e57a5b0178dfc669231e06d2c
  md5: 283b96675859b20a825f8fa30f311446
  depends:
  - libgcc >=13
  - ncurses >=6.5,<7.0a0
  license: GPL-3.0-only
  license_family: GPL
  size: 282480
  timestamp: 1740379431762
- conda: https://conda.anaconda.org/conda-forge/osx-arm64/readline-8.2-h1d1bf99_2.conda
  sha256: 7db04684d3904f6151eff8673270922d31da1eea7fa73254d01c437f49702e34
  md5: 63ef3f6e6d6d5c589e64f11263dc5676
  depends:
  - ncurses >=6.5,<7.0a0
  license: GPL-3.0-only
  license_family: GPL
  size: 252359
  timestamp: 1740379663071
- conda: https://conda.anaconda.org/conda-forge/linux-64/ruby-3.4.7-h498564d_1.conda
  sha256: 4eeedc87bb955b598c19ffdba43c07eafe9f2adbd77fe3fb34be2038662225f4
  md5: d0e9c84d28b9e41cd045eebfa81e1878
  depends:
  - __glibc >=2.17,<3.0.a0
  - gdbm >=1.18,<1.19.0a0
  - gmp >=6.3.0,<7.0a0
  - libffi >=3.5.2,<3.6.0a0
  - libgcc >=14
  - libxcrypt >=4.4.36
  - libzlib >=1.3.1,<2.0a0
  - ncurses >=6.5,<7.0a0
  - openssl >=3.5.4,<4.0a0
  - readline >=8.2,<9.0a0
  - yaml >=0.2.5,<0.3.0a0
  constrains:
  - __glibc >=2.17
  track_features:
  - rb34
  license: BSD-2-Clause
  license_family: BSD
  size: 13133900
  timestamp: 1761227621900
- conda: https://conda.anaconda.org/conda-forge/osx-arm64/ruby-3.4.7-hbf9a790_1.conda
  sha256: 97726242a76fabf5aa47ed0d002baee8886b20b2eca1a4681519e7ce60f39989
  md5: 88a956734197fd7727a0a683d8475988
  depends:
  - __osx >=11.0
  - gettext
  - gmp >=6.3.0,<7.0a0
  - libasprintf >=0.25.1,<1.0a0
  - libffi >=3.5.2,<3.6.0a0
  - libgettextpo >=0.25.1,<1.0a0
  - libintl >=0.25.1,<1.0a0
  - libzlib >=1.3.1,<2.0a0
  - ncurses >=6.5,<7.0a0
  - openssl >=3.5.4,<4.0a0
  - readline >=8.2,<9.0a0
  - yaml >=0.2.5,<0.3.0a0
  constrains:
  - __osx >=11.0
  track_features:
  - rb34
  license: BSD-2-Clause
  license_family: BSD
  size: 11864940
  timestamp: 1761228286730
- conda: https://conda.anaconda.org/conda-forge/osx-arm64/sigtool-0.1.3-h44b9a77_0.tar.bz2
  sha256: 70791ae00a3756830cb50451db55f63e2a42a2fa2a8f1bab1ebd36bbb7d55bff
  md5: 4a2cac04f86a4540b8c9b8d8f597848f
  depends:
  - openssl >=3.0.0,<4.0a0
  license: MIT
  license_family: MIT
  size: 210264
  timestamp: 1643442231687
- conda: https://conda.anaconda.org/conda-forge/noarch/sysroot_linux-64-2.28-h4ee821c_8.conda
  sha256: 0053c17ffbd9f8af1a7f864995d70121c292e317804120be4667f37c92805426
  md5: 1bad93f0aa428d618875ef3a588a889e
  depends:
  - __glibc >=2.28
  - kernel-headers_linux-64 4.18.0 he073ed8_8
  - tzdata
  license: LGPL-2.0-or-later AND LGPL-2.0-or-later WITH exceptions AND GPL-2.0-or-later
  license_family: GPL
  size: 24210909
  timestamp: 1752669140965
- conda: https://conda.anaconda.org/conda-forge/osx-arm64/tapi-1300.6.5-h03f4b80_0.conda
  sha256: 37cd4f62ec023df8a6c6f9f6ffddde3d6620a83cbcab170a8fff31ef944402e5
  md5: b703bc3e6cba5943acf0e5f987b5d0e2
  depends:
  - __osx >=11.0
  - libcxx >=17.0.0.a0
  - ncurses >=6.5,<7.0a0
  license: NCSA
  license_family: MIT
  size: 207679
  timestamp: 1725491499758
- conda: https://conda.anaconda.org/conda-forge/noarch/tzdata-2025b-h78e105d_0.conda
  sha256: 5aaa366385d716557e365f0a4e9c3fca43ba196872abbbe3d56bb610d131e192
  md5: 4222072737ccff51314b5ece9c7d6f5a
  license: LicenseRef-Public-Domain
  size: 122968
  timestamp: 1742727099393
- conda: https://conda.anaconda.org/conda-forge/linux-64/yaml-0.2.5-h280c20c_3.conda
  sha256: 6d9ea2f731e284e9316d95fa61869fe7bbba33df7929f82693c121022810f4ad
  md5: a77f85f77be52ff59391544bfe73390a
  depends:
  - libgcc >=14
  - __glibc >=2.17,<3.0.a0
  license: MIT
  license_family: MIT
  size: 85189
  timestamp: 1753484064210
- conda: https://conda.anaconda.org/conda-forge/osx-arm64/yaml-0.2.5-h925e9cb_3.conda
  sha256: b03433b13d89f5567e828ea9f1a7d5c5d697bf374c28a4168d71e9464f5dafac
  md5: 78a0fe9e9c50d2c381e8ee47e3ea437d
  depends:
  - __osx >=11.0
  license: MIT
  license_family: MIT
  size: 83386
  timestamp: 1753484079473
- conda: https://conda.anaconda.org/conda-forge/osx-arm64/zlib-1.3.1-h8359307_2.conda
  sha256: 58f8860756680a4831c1bf4f294e2354d187f2e999791d53b1941834c4b37430
  md5: e3170d898ca6cb48f1bb567afb92f775
  depends:
  - __osx >=11.0
  - libzlib 1.3.1 h8359307_2
  license: Zlib
  license_family: Other
  size: 77606
  timestamp: 1727963209370
- conda: https://conda.anaconda.org/conda-forge/linux-64/zstd-1.5.7-hb8e6e7a_2.conda
  sha256: a4166e3d8ff4e35932510aaff7aa90772f84b4d07e9f6f83c614cba7ceefe0eb
  md5: 6432cb5d4ac0046c3ac0a8a0f95842f9
  depends:
  - __glibc >=2.17,<3.0.a0
  - libgcc >=13
  - libstdcxx >=13
  - libzlib >=1.3.1,<2.0a0
  license: BSD-3-Clause
  license_family: BSD
  size: 567578
  timestamp: 1742433379869
- conda: https://conda.anaconda.org/conda-forge/osx-arm64/zstd-1.5.7-h6491c7d_2.conda
  sha256: 0d02046f57f7a1a3feae3e9d1aa2113788311f3cf37a3244c71e61a93177ba67
  md5: e6f69c7bcccdefa417f056fa593b40f0
  depends:
  - __osx >=11.0
  - libzlib >=1.3.1,<2.0a0
  license: BSD-3-Clause
  license_family: BSD
  size: 399979
  timestamp: 1742433432699
